{
    "version": 3,
    "terraform_version": "0.11.2",
    "serial": 1,
    "lineage": "82c05e93-721d-48ec-819d-99f6390a92e2",
    "modules": [
        {
            "path": [
                "root"
            ],
            "outputs": {},
            "resources": {},
            "depends_on": []
        },
        {
            "path": [
                "root",
                "namespace_workshop"
            ],
            "outputs": {
                "asb_namespace": {
                    "sensitive": false,
                    "type": "string",
                    "value": "Terraform-Workshop"
                }
            },
            "resources": {
                "azurerm_servicebus_namespace.namespace": {
                    "type": "azurerm_servicebus_namespace",
                    "depends_on": [],
                    "primary": {
                        "id": "/subscriptions/d6f20e81-c8f9-4d3e-91ee-4ccf290b8e2b/resourceGroups/RG-Terraform-Workshop/providers/Microsoft.ServiceBus/namespaces/Terraform-Workshop",
                        "attributes": {
                            "capacity": "0",
                            "default_primary_connection_string": "Endpoint=sb://terraform-workshop.servicebus.windows.net/;SharedAccessKeyName=RootManageSharedAccessKey;SharedAccessKey=cR+D/xI0BgyNpFmn+lbNsgHrXEzZJJWhvrruONLnljE=",
                            "default_primary_key": "cR+D/xI0BgyNpFmn+lbNsgHrXEzZJJWhvrruONLnljE=",
                            "default_secondary_connection_string": "Endpoint=sb://terraform-workshop.servicebus.windows.net/;SharedAccessKeyName=RootManageSharedAccessKey;SharedAccessKey=tITeNvXnYhO0h4vTRtgtOnF/RxZIa1AFoVx2KfVio+M=",
                            "default_secondary_key": "tITeNvXnYhO0h4vTRtgtOnF/RxZIa1AFoVx2KfVio+M=",
                            "id": "/subscriptions/d6f20e81-c8f9-4d3e-91ee-4ccf290b8e2b/resourceGroups/RG-Terraform-Workshop/providers/Microsoft.ServiceBus/namespaces/Terraform-Workshop",
                            "location": "northeurope",
                            "name": "Terraform-Workshop",
                            "resource_group_name": "RG-Terraform-Workshop",
                            "sku": "standard",
                            "tags.%": "0"
                        },
                        "meta": {
                            "schema_version": "1"
                        },
                        "tainted": false
                    },
                    "deposed": [],
                    "provider": "provider.azurerm"
                }
            },
            "depends_on": []
        },
        {
            "path": [
                "root",
                "resourceGroup_workshop"
            ],
            "outputs": {
                "resource_group_name": {
                    "sensitive": false,
                    "type": "string",
                    "value": "RG-Terraform-Workshop"
                }
            },
            "resources": {
                "azurerm_resource_group.resource_group": {
                    "type": "azurerm_resource_group",
                    "depends_on": [],
                    "primary": {
                        "id": "/subscriptions/d6f20e81-c8f9-4d3e-91ee-4ccf290b8e2b/resourceGroups/RG-Terraform-Workshop",
                        "attributes": {
                            "id": "/subscriptions/d6f20e81-c8f9-4d3e-91ee-4ccf290b8e2b/resourceGroups/RG-Terraform-Workshop",
                            "location": "northeurope",
                            "name": "RG-Terraform-Workshop",
                            "tags.%": "0"
                        },
                        "meta": {},
                        "tainted": false
                    },
                    "deposed": [],
                    "provider": "provider.azurerm"
                }
            },
            "depends_on": []
        }
    ]
}
